<?xml version="1.0" encoding="utf-8"?>
<Project ToolsVersion="4.0" xmlns="http://schemas.microsoft.com/developer/msbuild/2003">
  <ItemGroup>
    <Filter Include="Source Files">
      <UniqueIdentifier>{4FC737F1-C7A5-4376-A066-2A32D752A2FF}</UniqueIdentifier>
      <Extensions>cpp;c;cc;cxx;def;odl;idl;hpj;bat;asm;asmx</Extensions>
    </Filter>
    <Filter Include="Header Files">
      <UniqueIdentifier>{93995380-89BD-4b04-88EB-625FBE52EBFB}</UniqueIdentifier>
      <Extensions>h;hh;hpp;hxx;hm;inl;inc;xsd</Extensions>
    </Filter>
    <Filter Include="Resource Files">
      <UniqueIdentifier>{67DA6AB6-F800-4c08-8B7A-83BB121AAD01}</UniqueIdentifier>
      <Extensions>rc;ico;cur;bmp;dlg;rc2;rct;bin;rgs;gif;jpg;jpeg;jpe;resx;tiff;tif;png;wav;mfcribbon-ms</Extensions>
    </Filter>
    <Filter Include="Model">
      <UniqueIdentifier>{03a5dfb2-f78c-42c7-890b-4cba97e0e99c}</UniqueIdentifier>
    </Filter>
    <Filter Include="View">
      <UniqueIdentifier>{5ef98a88-be37-4265-8ad4-41823074ab44}</UniqueIdentifier>
    </Filter>
    <Filter Include="Controller">
      <UniqueIdentifier>{0d922b51-2a5b-4ab8-b987-a78afe4cdfe5}</UniqueIdentifier>
    </Filter>
    <Filter Include="Enum">
      <UniqueIdentifier>{90927828-5777-4c4c-be11-8bd8971be3ed}</UniqueIdentifier>
    </Filter>
  </ItemGroup>
  <ItemGroup>
    <Text Include="ReadMe.txt" />
  </ItemGroup>
  <ItemGroup>
    <ClInclude Include="stdafx.h">
      <Filter>Header Files</Filter>
    </ClInclude>
    <ClInclude Include="targetver.h">
      <Filter>Header Files</Filter>
    </ClInclude>
    <ClInclude Include="Resource.h">
      <Filter>Header Files</Filter>
    </ClInclude>
    <ClInclude Include="MVCApp.h">
      <Filter>Header Files</Filter>
    </ClInclude>
    <ClInclude Include="EquationSolver.h">
      <Filter>Model</Filter>
    </ClInclude>
    <ClInclude Include="MainDlg.h">
      <Filter>View</Filter>
    </ClInclude>
    <ClInclude Include="IMainDlgController.h">
      <Filter>Controller</Filter>
    </ClInclude>
    <ClInclude Include="MainDlgController.h">
      <Filter>Controller</Filter>
    </ClInclude>
    <ClInclude Include="Signals.h">
      <Filter>Header Files</Filter>
    </ClInclude>
    <ClInclude Include="FunctionType.h">
      <Filter>Enum</Filter>
    </ClInclude>
  </ItemGroup>
  <ItemGroup>
    <ClCompile Include="stdafx.cpp">
      <Filter>Source Files</Filter>
    </ClCompile>
    <ClCompile Include="MVCApp.cpp">
      <Filter>Source Files</Filter>
    </ClCompile>
    <ClCompile Include="EquationSolver.cpp">
      <Filter>Model</Filter>
    </ClCompile>
    <ClCompile Include="MainDlg.cpp">
      <Filter>View</Filter>
    </ClCompile>
    <ClCompile Include="MainDlgController.cpp">
      <Filter>Controller</Filter>
    </ClCompile>
  </ItemGroup>
  <ItemGroup>
    <ResourceCompile Include="ModelViewController.rc">
      <Filter>Resource Files</Filter>
    </ResourceCompile>
  </ItemGroup>
  <ItemGroup>
    <None Include="res\ModelViewController.rc2">
      <Filter>Resource Files</Filter>
    </None>
  </ItemGroup>
  <ItemGroup>
    <Image Include="res\ModelViewController.ico">
      <Filter>Resource Files</Filter>
    </Image>
  </ItemGroup>
</Project>